
Microsoft Visual Studio Solution File, Format Version 12.00
# Visual Studio 15
VisualStudioVersion = 15.0.28307.572
MinimumVisualStudioVersion = 10.0.40219.1
Project("{9A19103F-16F7-4668-BE54-9A1E7A4F7556}") = "CopaFilmesAPI", "CopaFilmesAPI\CopaFilmesAPI.csproj", "{3C89BE06-9BF4-4C1D-9B97-230F153DECC6}"
EndProject
Project("{FAE04EC0-301F-11D3-BF4B-00C04F79EFBC}") = "CopaFilmesApp.Android", "CopaFilmesApp\CopaFilmesApp.Android\CopaFilmesApp.Android.csproj", "{DEBFDE4B-7B47-4A0A-A502-691CD145C87B}"
	ProjectSection(ProjectDependencies) = postProject
		{3C89BE06-9BF4-4C1D-9B97-230F153DECC6} = {3C89BE06-9BF4-4C1D-9B97-230F153DECC6}
	EndProjectSection
EndProject
Project("{FAE04EC0-301F-11D3-BF4B-00C04F79EFBC}") = "CopaFilmesApp.iOS", "CopaFilmesApp\CopaFilmesApp.iOS\CopaFilmesApp.iOS.csproj", "{B5046DA6-2F4E-4420-9139-B5E2A6456BF5}"
EndProject
Project("{9A19103F-16F7-4668-BE54-9A1E7A4F7556}") = "CopaFilmesApp", "CopaFilmesApp\CopaFilmesApp\CopaFilmesApp.csproj", "{F83247A1-5062-44ED-9B65-CA9755BACB1B}"
EndProject
Global
	GlobalSection(SolutionConfigurationPlatforms) = preSolution
		Ad-Hoc|Any CPU = Ad-Hoc|Any CPU
		Ad-Hoc|iPhone = Ad-Hoc|iPhone
		Ad-Hoc|iPhoneSimulator = Ad-Hoc|iPhoneSimulator
		AppStore|Any CPU = AppStore|Any CPU
		AppStore|iPhone = AppStore|iPhone
		AppStore|iPhoneSimulator = AppStore|iPhoneSimulator
		Debug|Any CPU = Debug|Any CPU
		Debug|iPhone = Debug|iPhone
		Debug|iPhoneSimulator = Debug|iPhoneSimulator
		Release|Any CPU = Release|Any CPU
		Release|iPhone = Release|iPhone
		Release|iPhoneSimulator = Release|iPhoneSimulator
	EndGlobalSection
	GlobalSection(ProjectConfigurationPlatforms) = postSolution
		{3C89BE06-9BF4-4C1D-9B97-230F153DECC6}.Ad-Hoc|Any CPU.ActiveCfg = Release|Any CPU
		{3C89BE06-9BF4-4C1D-9B97-230F153DECC6}.Ad-Hoc|Any CPU.Build.0 = Release|Any CPU
		{3C89BE06-9BF4-4C1D-9B97-230F153DECC6}.Ad-Hoc|iPhone.ActiveCfg = Release|Any CPU
		{3C89BE06-9BF4-4C1D-9B97-230F153DECC6}.Ad-Hoc|iPhone.Build.0 = Release|Any CPU
		{3C89BE06-9BF4-4C1D-9B97-230F153DECC6}.Ad-Hoc|iPhoneSimulator.ActiveCfg = Release|Any CPU
		{3C89BE06-9BF4-4C1D-9B97-230F153DECC6}.Ad-Hoc|iPhoneSimulator.Build.0 = Release|Any CPU
		{3C89BE06-9BF4-4C1D-9B97-230F153DECC6}.AppStore|Any CPU.ActiveCfg = Release|Any CPU
		{3C89BE06-9BF4-4C1D-9B97-230F153DECC6}.AppStore|Any CPU.Build.0 = Release|Any CPU
		{3C89BE06-9BF4-4C1D-9B97-230F153DECC6}.AppStore|iPhone.ActiveCfg = Release|Any CPU
		{3C89BE06-9BF4-4C1D-9B97-230F153DECC6}.AppStore|iPhone.Build.0 = Release|Any CPU
		{3C89BE06-9BF4-4C1D-9B97-230F153DECC6}.AppStore|iPhoneSimulator.ActiveCfg = Release|Any CPU
		{3C89BE06-9BF4-4C1D-9B97-230F153DECC6}.AppStore|iPhoneSimulator.Build.0 = Release|Any CPU
		{3C89BE06-9BF4-4C1D-9B97-230F153DECC6}.Debug|Any CPU.ActiveCfg = Debug|Any CPU
		{3C89BE06-9BF4-4C1D-9B97-230F153DECC6}.Debug|Any CPU.Build.0 = Debug|Any CPU
		{3C89BE06-9BF4-4C1D-9B97-230F153DECC6}.Debug|iPhone.ActiveCfg = Debug|Any CPU
		{3C89BE06-9BF4-4C1D-9B97-230F153DECC6}.Debug|iPhone.Build.0 = Debug|Any CPU
		{3C89BE06-9BF4-4C1D-9B97-230F153DECC6}.Debug|iPhoneSimulator.ActiveCfg = Debug|Any CPU
		{3C89BE06-9BF4-4C1D-9B97-230F153DECC6}.Debug|iPhoneSimulator.Build.0 = Debug|Any CPU
		{3C89BE06-9BF4-4C1D-9B97-230F153DECC6}.Release|Any CPU.ActiveCfg = Release|Any CPU
		{3C89BE06-9BF4-4C1D-9B97-230F153DECC6}.Release|Any CPU.Build.0 = Release|Any CPU
		{3C89BE06-9BF4-4C1D-9B97-230F153DECC6}.Release|iPhone.ActiveCfg = Release|Any CPU
		{3C89BE06-9BF4-4C1D-9B97-230F153DECC6}.Release|iPhone.Build.0 = Release|Any CPU
		{3C89BE06-9BF4-4C1D-9B97-230F153DECC6}.Release|iPhoneSimulator.ActiveCfg = Release|Any CPU
		{3C89BE06-9BF4-4C1D-9B97-230F153DECC6}.Release|iPhoneSimulator.Build.0 = Release|Any CPU
		{DEBFDE4B-7B47-4A0A-A502-691CD145C87B}.Ad-Hoc|Any CPU.ActiveCfg = Release|Any CPU
		{DEBFDE4B-7B47-4A0A-A502-691CD145C87B}.Ad-Hoc|Any CPU.Build.0 = Release|Any CPU
		{DEBFDE4B-7B47-4A0A-A502-691CD145C87B}.Ad-Hoc|Any CPU.Deploy.0 = Release|Any CPU
		{DEBFDE4B-7B47-4A0A-A502-691CD145C87B}.Ad-Hoc|iPhone.ActiveCfg = Release|Any CPU
		{DEBFDE4B-7B47-4A0A-A502-691CD145C87B}.Ad-Hoc|iPhone.Build.0 = Release|Any CPU
		{DEBFDE4B-7B47-4A0A-A502-691CD145C87B}.Ad-Hoc|iPhone.Deploy.0 = Release|Any CPU
		{DEBFDE4B-7B47-4A0A-A502-691CD145C87B}.Ad-Hoc|iPhoneSimulator.ActiveCfg = Release|Any CPU
		{DEBFDE4B-7B47-4A0A-A502-691CD145C87B}.Ad-Hoc|iPhoneSimulator.Build.0 = Release|Any CPU
		{DEBFDE4B-7B47-4A0A-A502-691CD145C87B}.Ad-Hoc|iPhoneSimulator.Deploy.0 = Release|Any CPU
		{DEBFDE4B-7B47-4A0A-A502-691CD145C87B}.AppStore|Any CPU.ActiveCfg = Release|Any CPU
		{DEBFDE4B-7B47-4A0A-A502-691CD145C87B}.AppStore|Any CPU.Build.0 = Release|Any CPU
		{DEBFDE4B-7B47-4A0A-A502-691CD145C87B}.AppStore|Any CPU.Deploy.0 = Release|Any CPU
		{DEBFDE4B-7B47-4A0A-A502-691CD145C87B}.AppStore|iPhone.ActiveCfg = Release|Any CPU
		{DEBFDE4B-7B47-4A0A-A502-691CD145C87B}.AppStore|iPhone.Build.0 = Release|Any CPU
		{DEBFDE4B-7B47-4A0A-A502-691CD145C87B}.AppStore|iPhone.Deploy.0 = Release|Any CPU
		{DEBFDE4B-7B47-4A0A-A502-691CD145C87B}.AppStore|iPhoneSimulator.ActiveCfg = Release|Any CPU
		{DEBFDE4B-7B47-4A0A-A502-691CD145C87B}.AppStore|iPhoneSimulator.Build.0 = Release|Any CPU
		{DEBFDE4B-7B47-4A0A-A502-691CD145C87B}.AppStore|iPhoneSimulator.Deploy.0 = Release|Any CPU
		{DEBFDE4B-7B47-4A0A-A502-691CD145C87B}.Debug|Any CPU.ActiveCfg = Debug|Any CPU
		{DEBFDE4B-7B47-4A0A-A502-691CD145C87B}.Debug|Any CPU.Build.0 = Debug|Any CPU
		{DEBFDE4B-7B47-4A0A-A502-691CD145C87B}.Debug|Any CPU.Deploy.0 = Debug|Any CPU
		{DEBFDE4B-7B47-4A0A-A502-691CD145C87B}.Debug|iPhone.ActiveCfg = Debug|Any CPU
		{DEBFDE4B-7B47-4A0A-A502-691CD145C87B}.Debug|iPhone.Build.0 = Debug|Any CPU
		{DEBFDE4B-7B47-4A0A-A502-691CD145C87B}.Debug|iPhone.Deploy.0 = Debug|Any CPU
		{DEBFDE4B-7B47-4A0A-A502-691CD145C87B}.Debug|iPhoneSimulator.ActiveCfg = Debug|Any CPU
		{DEBFDE4B-7B47-4A0A-A502-691CD145C87B}.Debug|iPhoneSimulator.Build.0 = Debug|Any CPU
		{DEBFDE4B-7B47-4A0A-A502-691CD145C87B}.Debug|iPhoneSimulator.Deploy.0 = Debug|Any CPU
		{DEBFDE4B-7B47-4A0A-A502-691CD145C87B}.Release|Any CPU.ActiveCfg = Release|Any CPU
		{DEBFDE4B-7B47-4A0A-A502-691CD145C87B}.Release|Any CPU.Build.0 = Release|Any CPU
		{DEBFDE4B-7B47-4A0A-A502-691CD145C87B}.Release|Any CPU.Deploy.0 = Release|Any CPU
		{DEBFDE4B-7B47-4A0A-A502-691CD145C87B}.Release|iPhone.ActiveCfg = Release|Any CPU
		{DEBFDE4B-7B47-4A0A-A502-691CD145C87B}.Release|iPhone.Build.0 = Release|Any CPU
		{DEBFDE4B-7B47-4A0A-A502-691CD145C87B}.Release|iPhone.Deploy.0 = Release|Any CPU
		{DEBFDE4B-7B47-4A0A-A502-691CD145C87B}.Release|iPhoneSimulator.ActiveCfg = Release|Any CPU
		{DEBFDE4B-7B47-4A0A-A502-691CD145C87B}.Release|iPhoneSimulator.Build.0 = Release|Any CPU
		{DEBFDE4B-7B47-4A0A-A502-691CD145C87B}.Release|iPhoneSimulator.Deploy.0 = Release|Any CPU
		{B5046DA6-2F4E-4420-9139-B5E2A6456BF5}.Ad-Hoc|Any CPU.ActiveCfg = Ad-Hoc|iPhone
		{B5046DA6-2F4E-4420-9139-B5E2A6456BF5}.Ad-Hoc|iPhone.ActiveCfg = Ad-Hoc|iPhone
		{B5046DA6-2F4E-4420-9139-B5E2A6456BF5}.Ad-Hoc|iPhone.Build.0 = Ad-Hoc|iPhone
		{B5046DA6-2F4E-4420-9139-B5E2A6456BF5}.Ad-Hoc|iPhoneSimulator.ActiveCfg = Ad-Hoc|iPhoneSimulator
		{B5046DA6-2F4E-4420-9139-B5E2A6456BF5}.Ad-Hoc|iPhoneSimulator.Build.0 = Ad-Hoc|iPhoneSimulator
		{B5046DA6-2F4E-4420-9139-B5E2A6456BF5}.AppStore|Any CPU.ActiveCfg = AppStore|iPhone
		{B5046DA6-2F4E-4420-9139-B5E2A6456BF5}.AppStore|iPhone.ActiveCfg = AppStore|iPhone
		{B5046DA6-2F4E-4420-9139-B5E2A6456BF5}.AppStore|iPhone.Build.0 = AppStore|iPhone
		{B5046DA6-2F4E-4420-9139-B5E2A6456BF5}.AppStore|iPhoneSimulator.ActiveCfg = AppStore|iPhoneSimulator
		{B5046DA6-2F4E-4420-9139-B5E2A6456BF5}.AppStore|iPhoneSimulator.Build.0 = AppStore|iPhoneSimulator
		{B5046DA6-2F4E-4420-9139-B5E2A6456BF5}.Debug|Any CPU.ActiveCfg = Debug|iPhone
		{B5046DA6-2F4E-4420-9139-B5E2A6456BF5}.Debug|iPhone.ActiveCfg = Debug|iPhone
		{B5046DA6-2F4E-4420-9139-B5E2A6456BF5}.Debug|iPhone.Build.0 = Debug|iPhone
		{B5046DA6-2F4E-4420-9139-B5E2A6456BF5}.Debug|iPhoneSimulator.ActiveCfg = Debug|iPhoneSimulator
		{B5046DA6-2F4E-4420-9139-B5E2A6456BF5}.Debug|iPhoneSimulator.Build.0 = Debug|iPhoneSimulator
		{B5046DA6-2F4E-4420-9139-B5E2A6456BF5}.Release|Any CPU.ActiveCfg = Release|iPhone
		{B5046DA6-2F4E-4420-9139-B5E2A6456BF5}.Release|iPhone.ActiveCfg = Release|iPhone
		{B5046DA6-2F4E-4420-9139-B5E2A6456BF5}.Release|iPhone.Build.0 = Release|iPhone
		{B5046DA6-2F4E-4420-9139-B5E2A6456BF5}.Release|iPhoneSimulator.ActiveCfg = Release|iPhoneSimulator
		{B5046DA6-2F4E-4420-9139-B5E2A6456BF5}.Release|iPhoneSimulator.Build.0 = Release|iPhoneSimulator
		{F83247A1-5062-44ED-9B65-CA9755BACB1B}.Ad-Hoc|Any CPU.ActiveCfg = Debug|Any CPU
		{F83247A1-5062-44ED-9B65-CA9755BACB1B}.Ad-Hoc|Any CPU.Build.0 = Debug|Any CPU
		{F83247A1-5062-44ED-9B65-CA9755BACB1B}.Ad-Hoc|iPhone.ActiveCfg = Debug|Any CPU
		{F83247A1-5062-44ED-9B65-CA9755BACB1B}.Ad-Hoc|iPhone.Build.0 = Debug|Any CPU
		{F83247A1-5062-44ED-9B65-CA9755BACB1B}.Ad-Hoc|iPhoneSimulator.ActiveCfg = Debug|Any CPU
		{F83247A1-5062-44ED-9B65-CA9755BACB1B}.Ad-Hoc|iPhoneSimulator.Build.0 = Debug|Any CPU
		{F83247A1-5062-44ED-9B65-CA9755BACB1B}.AppStore|Any CPU.ActiveCfg = Debug|Any CPU
		{F83247A1-5062-44ED-9B65-CA9755BACB1B}.AppStore|Any CPU.Build.0 = Debug|Any CPU
		{F83247A1-5062-44ED-9B65-CA9755BACB1B}.AppStore|iPhone.ActiveCfg = Debug|Any CPU
		{F83247A1-5062-44ED-9B65-CA9755BACB1B}.AppStore|iPhone.Build.0 = Debug|Any CPU
		{F83247A1-5062-44ED-9B65-CA9755BACB1B}.AppStore|iPhoneSimulator.ActiveCfg = Debug|Any CPU
		{F83247A1-5062-44ED-9B65-CA9755BACB1B}.AppStore|iPhoneSimulator.Build.0 = Debug|Any CPU
		{F83247A1-5062-44ED-9B65-CA9755BACB1B}.Debug|Any CPU.ActiveCfg = Debug|Any CPU
		{F83247A1-5062-44ED-9B65-CA9755BACB1B}.Debug|Any CPU.Build.0 = Debug|Any CPU
		{F83247A1-5062-44ED-9B65-CA9755BACB1B}.Debug|iPhone.ActiveCfg = Debug|Any CPU
		{F83247A1-5062-44ED-9B65-CA9755BACB1B}.Debug|iPhone.Build.0 = Debug|Any CPU
		{F83247A1-5062-44ED-9B65-CA9755BACB1B}.Debug|iPhoneSimulator.ActiveCfg = Debug|Any CPU
		{F83247A1-5062-44ED-9B65-CA9755BACB1B}.Debug|iPhoneSimulator.Build.0 = Debug|Any CPU
		{F83247A1-5062-44ED-9B65-CA9755BACB1B}.Release|Any CPU.ActiveCfg = Release|Any CPU
		{F83247A1-5062-44ED-9B65-CA9755BACB1B}.Release|Any CPU.Build.0 = Release|Any CPU
		{F83247A1-5062-44ED-9B65-CA9755BACB1B}.Release|iPhone.ActiveCfg = Release|Any CPU
		{F83247A1-5062-44ED-9B65-CA9755BACB1B}.Release|iPhone.Build.0 = Release|Any CPU
		{F83247A1-5062-44ED-9B65-CA9755BACB1B}.Release|iPhoneSimulator.ActiveCfg = Release|Any CPU
		{F83247A1-5062-44ED-9B65-CA9755BACB1B}.Release|iPhoneSimulator.Build.0 = Release|Any CPU
	EndGlobalSection
	GlobalSection(SolutionProperties) = preSolution
		HideSolutionNode = FALSE
	EndGlobalSection
	GlobalSection(ExtensibilityGlobals) = postSolution
		SolutionGuid = {CBD5C5AC-B829-42BF-BFDE-2ECD67D42238}
	EndGlobalSection
EndGlobal
